// !$*UTF8*$!
{
	archiveVersion = 1;
	classes = {
	};
	objectVersion = 56;
	objects = {

/* Begin PBXBuildFile section */
		1BB5C7BE2B5C7AD000CFE2A9 /* CurrencyProjectApp.swift in Sources */ = {isa = PBXBuildFile; fileRef = 1BB5C7BD2B5C7AD000CFE2A9 /* CurrencyProjectApp.swift */; };
		1BB5C7C02B5C7AD000CFE2A9 /* ContentView.swift in Sources */ = {isa = PBXBuildFile; fileRef = 1BB5C7BF2B5C7AD000CFE2A9 /* ContentView.swift */; };
		1BB5C7C22B5C7AD600CFE2A9 /* Assets.xcassets in Resources */ = {isa = PBXBuildFile; fileRef = 1BB5C7C12B5C7AD600CFE2A9 /* Assets.xcassets */; };
		1BB5C7C62B5C7AD600CFE2A9 /* Preview Assets.xcassets in Resources */ = {isa = PBXBuildFile; fileRef = 1BB5C7C52B5C7AD600CFE2A9 /* Preview Assets.xcassets */; };
		1BB5C7D02B5C7AD700CFE2A9 /* CurrencyProjectTests.swift in Sources */ = {isa = PBXBuildFile; fileRef = 1BB5C7CF2B5C7AD700CFE2A9 /* CurrencyProjectTests.swift */; };
		1BB5C7DA2B5C7AD700CFE2A9 /* CurrencyProjectUITests.swift in Sources */ = {isa = PBXBuildFile; fileRef = 1BB5C7D92B5C7AD700CFE2A9 /* CurrencyProjectUITests.swift */; };
		1BB5C7DC2B5C7AD700CFE2A9 /* CurrencyProjectUITestsLaunchTests.swift in Sources */ = {isa = PBXBuildFile; fileRef = 1BB5C7DB2B5C7AD700CFE2A9 /* CurrencyProjectUITestsLaunchTests.swift */; };
/* End PBXBuildFile section */

/* Begin PBXContainerItemProxy section */
		1BB5C7CC2B5C7AD700CFE2A9 /* PBXContainerItemProxy */ = {
			isa = PBXContainerItemProxy;
			containerPortal = 1BB5C7B22B5C7AD000CFE2A9 /* Project object */;
			proxyType = 1;
			remoteGlobalIDString = 1BB5C7B92B5C7AD000CFE2A9;
			remoteInfo = CurrencyProject;
		};
		1BB5C7D62B5C7AD700CFE2A9 /* PBXContainerItemProxy */ = {
			isa = PBXContainerItemProxy;
			containerPortal = 1BB5C7B22B5C7AD000CFE2A9 /* Project object */;
			proxyType = 1;
			remoteGlobalIDString = 1BB5C7B92B5C7AD000CFE2A9;
			remoteInfo = CurrencyProject;
		};
/* End PBXContainerItemProxy section */

/* Begin PBXFileReference section */
		1BB5C7BA2B5C7AD000CFE2A9 /* CurrencyProject.app */ = {isa = PBXFileReference; explicitFileType = wrapper.application; includeInIndex = 0; path = CurrencyProject.app; sourceTree = BUILT_PRODUCTS_DIR; };
		1BB5C7BD2B5C7AD000CFE2A9 /* CurrencyProjectApp.swift */ = {isa = PBXFileReference; lastKnownFileType = sourcecode.swift; path = CurrencyProjectApp.swift; sourceTree = "<group>"; };
		1BB5C7BF2B5C7AD000CFE2A9 /* ContentView.swift */ = {isa = PBXFileReference; lastKnownFileType = sourcecode.swift; path = ContentView.swift; sourceTree = "<group>"; };
		1BB5C7C12B5C7AD600CFE2A9 /* Assets.xcassets */ = {isa = PBXFileReference; lastKnownFileType = folder.assetcatalog; path = Assets.xcassets; sourceTree = "<group>"; };
		1BB5C7C32B5C7AD600CFE2A9 /* CurrencyProject.entitlements */ = {isa = PBXFileReference; lastKnownFileType = text.plist.entitlements; path = CurrencyProject.entitlements; sourceTree = "<group>"; };
		1BB5C7C52B5C7AD600CFE2A9 /* Preview Assets.xcassets */ = {isa = PBXFileReference; lastKnownFileType = folder.assetcatalog; path = "Preview Assets.xcassets"; sourceTree = "<group>"; };
		1BB5C7CB2B5C7AD700CFE2A9 /* CurrencyProjectTests.xctest */ = {isa = PBXFileReference; explicitFileType = wrapper.cfbundle; includeInIndex = 0; path = CurrencyProjectTests.xctest; sourceTree = BUILT_PRODUCTS_DIR; };
		1BB5C7CF2B5C7AD700CFE2A9 /* CurrencyProjectTests.swift */ = {isa = PBXFileReference; lastKnownFileType = sourcecode.swift; path = CurrencyProjectTests.swift; sourceTree = "<group>"; };
		1BB5C7D52B5C7AD700CFE2A9 /* CurrencyProjectUITests.xctest */ = {isa = PBXFileReference; explicitFileType = wrapper.cfbundle; includeInIndex = 0; path = CurrencyProjectUITests.xctest; sourceTree = BUILT_PRODUCTS_DIR; };
		1BB5C7D92B5C7AD700CFE2A9 /* CurrencyProjectUITests.swift */ = {isa = PBXFileReference; lastKnownFileType = sourcecode.swift; path = CurrencyProjectUITests.swift; sourceTree = "<group>"; };
		1BB5C7DB2B5C7AD700CFE2A9 /* CurrencyProjectUITestsLaunchTests.swift */ = {isa = PBXFileReference; lastKnownFileType = sourcecode.swift; path = CurrencyProjectUITestsLaunchTests.swift; sourceTree = "<group>"; };
/* End PBXFileReference section */

/* Begin PBXFrameworksBuildPhase section */
		1BB5C7B72B5C7AD000CFE2A9 /* Frameworks */ = {
			isa = PBXFrameworksBuildPhase;
			buildActionMask = 2147483647;
			files = (
			);
			runOnlyForDeploymentPostprocessing = 0;
		};
		1BB5C7C82B5C7AD700CFE2A9 /* Frameworks */ = {
			isa = PBXFrameworksBuildPhase;
			buildActionMask = 2147483647;
			files = (
			);
			runOnlyForDeploymentPostprocessing = 0;
		};
		1BB5C7D22B5C7AD700CFE2A9 /* Frameworks */ = {
			isa = PBXFrameworksBuildPhase;
			buildActionMask = 2147483647;
			files = (
			);
			runOnlyForDeploymentPostprocessing = 0;
		};
/* End PBXFrameworksBuildPhase section */

/* Begin PBXGroup section */
		1BB5C7B12B5C7AD000CFE2A9 = {
			isa = PBXGroup;
			children = (
				1BB5C7BC2B5C7AD000CFE2A9 /* CurrencyProject */,
				1BB5C7CE2B5C7AD700CFE2A9 /* CurrencyProjectTests */,
				1BB5C7D82B5C7AD700CFE2A9 /* CurrencyProjectUITests */,
				1BB5C7BB2B5C7AD000CFE2A9 /* Products */,
			);
			sourceTree = "<group>";
		};
		1BB5C7BB2B5C7AD000CFE2A9 /* Products */ = {
			isa = PBXGroup;
			children = (
				1BB5C7BA2B5C7AD000CFE2A9 /* CurrencyProject.app */,
				1BB5C7CB2B5C7AD700CFE2A9 /* CurrencyProjectTests.xctest */,
				1BB5C7D52B5C7AD700CFE2A9 /* CurrencyProjectUITests.xctest */,
			);
			name = Products;
			sourceTree = "<group>";
		};
		1BB5C7BC2B5C7AD000CFE2A9 /* CurrencyProject */ = {
			isa = PBXGroup;
			children = (
				1BB5C7BD2B5C7AD000CFE2A9 /* CurrencyProjectApp.swift */,
				1BB5C7BF2B5C7AD000CFE2A9 /* ContentView.swift */,
				1BB5C7C12B5C7AD600CFE2A9 /* Assets.xcassets */,
				1BB5C7C32B5C7AD600CFE2A9 /* CurrencyProject.entitlements */,
				1BB5C7C42B5C7AD600CFE2A9 /* Preview Content */,
			);
			path = CurrencyProject;
			sourceTree = "<group>";
		};
		1BB5C7C42B5C7AD600CFE2A9 /* Preview Content */ = {
			isa = PBXGroup;
			children = (
				1BB5C7C52B5C7AD600CFE2A9 /* Preview Assets.xcassets */,
			);
			path = "Preview Content";
			sourceTree = "<group>";
		};
		1BB5C7CE2B5C7AD700CFE2A9 /* CurrencyProjectTests */ = {
			isa = PBXGroup;
			children = (
				1BB5C7CF2B5C7AD700CFE2A9 /* CurrencyProjectTests.swift */,
			);
			path = CurrencyProjectTests;
			sourceTree = "<group>";
		};
		1BB5C7D82B5C7AD700CFE2A9 /* CurrencyProjectUITests */ = {
			isa = PBXGroup;
			children = (
				1BB5C7D92B5C7AD700CFE2A9 /* CurrencyProjectUITests.swift */,
				1BB5C7DB2B5C7AD700CFE2A9 /* CurrencyProjectUITestsLaunchTests.swift */,
			);
			path = CurrencyProjectUITests;
			sourceTree = "<group>";
		};
/* End PBXGroup section */

/* Begin PBXNativeTarget section */
		1BB5C7B92B5C7AD000CFE2A9 /* CurrencyProject */ = {
			isa = PBXNativeTarget;
			buildConfigurationList = 1BB5C7DF2B5C7AD700CFE2A9 /* Build configuration list for PBXNativeTarget "CurrencyProject" */;
			buildPhases = (
				1BB5C7B62B5C7AD000CFE2A9 /* Sources */,
				1BB5C7B72B5C7AD000CFE2A9 /* Frameworks */,
				1BB5C7B82B5C7AD000CFE2A9 /* Resources */,
			);
			buildRules = (
			);
			dependencies = (
			);
			name = CurrencyProject;
			productName = CurrencyProject;
			productReference = 1BB5C7BA2B5C7AD000CFE2A9 /* CurrencyProject.app */;
			productType = "com.apple.product-type.application";
		};
		1BB5C7CA2B5C7AD700CFE2A9 /* CurrencyProjectTests */ = {
			isa = PBXNativeTarget;
			buildConfigurationList = 1BB5C7E22B5C7AD700CFE2A9 /* Build configuration list for PBXNativeTarget "CurrencyProjectTests" */;
			buildPhases = (
				1BB5C7C72B5C7AD700CFE2A9 /* Sources */,
				1BB5C7C82B5C7AD700CFE2A9 /* Frameworks */,
				1BB5C7C92B5C7AD700CFE2A9 /* Resources */,
			);
			buildRules = (
			);
			dependencies = (
				1BB5C7CD2B5C7AD700CFE2A9 /* PBXTargetDependency */,
			);
			name = CurrencyProjectTests;
			productName = CurrencyProjectTests;
			productReference = 1BB5C7CB2B5C7AD700CFE2A9 /* CurrencyProjectTests.xctest */;
			productType = "com.apple.product-type.bundle.unit-test";
		};
		1BB5C7D42B5C7AD700CFE2A9 /* CurrencyProjectUITests */ = {
			isa = PBXNativeTarget;
			buildConfigurationList = 1BB5C7E52B5C7AD700CFE2A9 /* Build configuration list for PBXNativeTarget "CurrencyProjectUITests" */;
			buildPhases = (
				1BB5C7D12B5C7AD700CFE2A9 /* Sources */,
				1BB5C7D22B5C7AD700CFE2A9 /* Frameworks */,
				1BB5C7D32B5C7AD700CFE2A9 /* Resources */,
			);
			buildRules = (
			);
			dependencies = (
				1BB5C7D72B5C7AD700CFE2A9 /* PBXTargetDependency */,
			);
			name = CurrencyProjectUITests;
			productName = CurrencyProjectUITests;
			productReference = 1BB5C7D52B5C7AD700CFE2A9 /* CurrencyProjectUITests.xctest */;
			productType = "com.apple.product-type.bundle.ui-testing";
		};
/* End PBXNativeTarget section */

/* Begin PBXProject section */
		1BB5C7B22B5C7AD000CFE2A9 /* Project object */ = {
			isa = PBXProject;
			attributes = {
				BuildIndependentTargetsInParallel = 1;
				LastSwiftUpdateCheck = 1520;
				LastUpgradeCheck = 1520;
				TargetAttributes = {
					1BB5C7B92B5C7AD000CFE2A9 = {
						CreatedOnToolsVersion = 15.2;
					};
					1BB5C7CA2B5C7AD700CFE2A9 = {
						CreatedOnToolsVersion = 15.2;
						TestTargetID = 1BB5C7B92B5C7AD000CFE2A9;
					};
					1BB5C7D42B5C7AD700CFE2A9 = {
						CreatedOnToolsVersion = 15.2;
						TestTargetID = 1BB5C7B92B5C7AD000CFE2A9;
					};
				};
			};
			buildConfigurationList = 1BB5C7B52B5C7AD000CFE2A9 /* Build configuration list for PBXProject "CurrencyProject" */;
			compatibilityVersion = "Xcode 14.0";
			developmentRegion = en;
			hasScannedForEncodings = 0;
			knownRegions = (
				en,
				Base,
			);
			mainGroup = 1BB5C7B12B5C7AD000CFE2A9;
			productRefGroup = 1BB5C7BB2B5C7AD000CFE2A9 /* Products */;
			projectDirPath = "";
			projectRoot = "";
			targets = (
				1BB5C7B92B5C7AD000CFE2A9 /* CurrencyProject */,
				1BB5C7CA2B5C7AD700CFE2A9 /* CurrencyProjectTests */,
				1BB5C7D42B5C7AD700CFE2A9 /* CurrencyProjectUITests */,
			);
		};
/* End PBXProject section */

/* Begin PBXResourcesBuildPhase section */
		1BB5C7B82B5C7AD000CFE2A9 /* Resources */ = {
			isa = PBXResourcesBuildPhase;
			buildActionMask = 2147483647;
			files = (
				1BB5C7C62B5C7AD600CFE2A9 /* Preview Assets.xcassets in Resources */,
				1BB5C7C22B5C7AD600CFE2A9 /* Assets.xcassets in Resources */,
			);
			runOnlyForDeploymentPostprocessing = 0;
		};
		1BB5C7C92B5C7AD700CFE2A9 /* Resources */ = {
			isa = PBXResourcesBuildPhase;
			buildActionMask = 2147483647;
			files = (
			);
			runOnlyForDeploymentPostprocessing = 0;
		};
		1BB5C7D32B5C7AD700CFE2A9 /* Resources */ = {
			isa = PBXResourcesBuildPhase;
			buildActionMask = 2147483647;
			files = (
			);
			runOnlyForDeploymentPostprocessing = 0;
		};
/* End PBXResourcesBuildPhase section */

/* Begin PBXSourcesBuildPhase section */
		1BB5C7B62B5C7AD000CFE2A9 /* Sources */ = {
			isa = PBXSourcesBuildPhase;
			buildActionMask = 2147483647;
			files = (
				1BB5C7C02B5C7AD000CFE2A9 /* ContentView.swift in Sources */,
				1BB5C7BE2B5C7AD000CFE2A9 /* CurrencyProjectApp.swift in Sources */,
			);
			runOnlyForDeploymentPostprocessing = 0;
		};
		1BB5C7C72B5C7AD700CFE2A9 /* Sources */ = {
			isa = PBXSourcesBuildPhase;
			buildActionMask = 2147483647;
			files = (
				1BB5C7D02B5C7AD700CFE2A9 /* CurrencyProjectTests.swift in Sources */,
			);
			runOnlyForDeploymentPostprocessing = 0;
		};
		1BB5C7D12B5C7AD700CFE2A9 /* Sources */ = {
			isa = PBXSourcesBuildPhase;
			buildActionMask = 2147483647;
			files = (
				1BB5C7DA2B5C7AD700CFE2A9 /* CurrencyProjectUITests.swift in Sources */,
				1BB5C7DC2B5C7AD700CFE2A9 /* CurrencyProjectUITestsLaunchTests.swift in Sources */,
			);
			runOnlyForDeploymentPostprocessing = 0;
		};
/* End PBXSourcesBuildPhase section */

/* Begin PBXTargetDependency section */
		1BB5C7CD2B5C7AD700CFE2A9 /* PBXTargetDependency */ = {
			isa = PBXTargetDependency;
			target = 1BB5C7B92B5C7AD000CFE2A9 /* CurrencyProject */;
			targetProxy = 1BB5C7CC2B5C7AD700CFE2A9 /* PBXContainerItemProxy */;
		};
		1BB5C7D72B5C7AD700CFE2A9 /* PBXTargetDependency */ = {
			isa = PBXTargetDependency;
			target = 1BB5C7B92B5C7AD000CFE2A9 /* CurrencyProject */;
			targetProxy = 1BB5C7D62B5C7AD700CFE2A9 /* PBXContainerItemProxy */;
		};
/* End PBXTargetDependency section */

/* Begin XCBuildConfiguration section */
		1BB5C7DD2B5C7AD700CFE2A9 /* Debug */ = {
			isa = XCBuildConfiguration;
			buildSettings = {
				ALWAYS_SEARCH_USER_PATHS = NO;
				ASSETCATALOG_COMPILER_GENERATE_SWIFT_ASSET_SYMBOL_EXTENSIONS = YES;
				CLANG_ANALYZER_NONNULL = YES;
				CLANG_ANALYZER_NUMBER_OBJECT_CONVERSION = YES_AGGRESSIVE;
				CLANG_CXX_LANGUAGE_STANDARD = "gnu++20";
				CLANG_ENABLE_MODULES = YES;
				CLANG_ENABLE_OBJC_ARC = YES;
				CLANG_ENABLE_OBJC_WEAK = YES;
				CLANG_WARN_BLOCK_CAPTURE_AUTORELEASING = YES;
				CLANG_WARN_BOOL_CONVERSION = YES;
				CLANG_WARN_COMMA = YES;
				CLANG_WARN_CONSTANT_CONVERSION = YES;
				CLANG_WARN_DEPRECATED_OBJC_IMPLEMENTATIONS = YES;
				CLANG_WARN_DIRECT_OBJC_ISA_USAGE = YES_ERROR;
				CLANG_WARN_DOCUMENTATION_COMMENTS = YES;
				CLANG_WARN_EMPTY_BODY = YES;
				CLANG_WARN_ENUM_CONVERSION = YES;
				CLANG_WARN_INFINITE_RECURSION = YES;
				CLANG_WARN_INT_CONVERSION = YES;
				CLANG_WARN_NON_LITERAL_NULL_CONVERSION = YES;
				CLANG_WARN_OBJC_IMPLICIT_RETAIN_SELF = YES;
				CLANG_WARN_OBJC_LITERAL_CONVERSION = YES;
				CLANG_WARN_OBJC_ROOT_CLASS = YES_ERROR;
				CLANG_WARN_QUOTED_INCLUDE_IN_FRAMEWORK_HEADER = YES;
				CLANG_WARN_RANGE_LOOP_ANALYSIS = YES;
				CLANG_WARN_STRICT_PROTOTYPES = YES;
				CLANG_WARN_SUSPICIOUS_MOVE = YES;
				CLANG_WARN_UNGUARDED_AVAILABILITY = YES_AGGRESSIVE;
				CLANG_WARN_UNREACHABLE_CODE = YES;
				CLANG_WARN__DUPLICATE_METHOD_MATCH = YES;
				COPY_PHASE_STRIP = NO;
				DEBUG_INFORMATION_FORMAT = dwarf;
				ENABLE_STRICT_OBJC_MSGSEND = YES;
				ENABLE_TESTABILITY = YES;
				ENABLE_USER_SCRIPT_SANDBOXING = YES;
				GCC_C_LANGUAGE_STANDARD = gnu17;
				GCC_DYNAMIC_NO_PIC = NO;
				GCC_NO_COMMON_BLOCKS = YES;
				GCC_OPTIMIZATION_LEVEL = 0;
				GCC_PREPROCESSOR_DEFINITIONS = (
					"DEBUG=1",
					"$(inherited)",
				);
				GCC_WARN_64_TO_32_BIT_CONVERSION = YES;
				GCC_WARN_ABOUT_RETURN_TYPE = YES_ERROR;
				GCC_WARN_UNDECLARED_SELECTOR = YES;
				GCC_WARN_UNINITIALIZED_AUTOS = YES_AGGRESSIVE;
				GCC_WARN_UNUSED_FUNCTION = YES;
				GCC_WARN_UNUSED_VARIABLE = YES;
				LOCALIZATION_PREFERS_STRING_CATALOGS = YES;
				MTL_ENABLE_DEBUG_INFO = INCLUDE_SOURCE;
				MTL_FAST_MATH = YES;
				ONLY_ACTIVE_ARCH = YES;
				SWIFT_ACTIVE_COMPILATION_CONDITIONS = "DEBUG $(inherited)";
				SWIFT_OPTIMIZATION_LEVEL = "-Onone";
			};
			name = Debug;
		};
		1BB5C7DE2B5C7AD700CFE2A9 /* Release */ = {
			isa = XCBuildConfiguration;
			buildSettings = {
				ALWAYS_SEARCH_USER_PATHS = NO;
				ASSETCATALOG_COMPILER_GENERATE_SWIFT_ASSET_SYMBOL_EXTENSIONS = YES;
				CLANG_ANALYZER_NONNULL = YES;
				CLANG_ANALYZER_NUMBER_OBJECT_CONVERSION = YES_AGGRESSIVE;
				CLANG_CXX_LANGUAGE_STANDARD = "gnu++20";
				CLANG_ENABLE_MODULES = YES;
				CLANG_ENABLE_OBJC_ARC = YES;
				CLANG_ENABLE_OBJC_WEAK = YES;
				CLANG_WARN_BLOCK_CAPTURE_AUTORELEASING = YES;
				CLANG_WARN_BOOL_CONVERSION = YES;
				CLANG_WARN_COMMA = YES;
				CLANG_WARN_CONSTANT_CONVERSION = YES;
				CLANG_WARN_DEPRECATED_OBJC_IMPLEMENTATIONS = YES;
				CLANG_WARN_DIRECT_OBJC_ISA_USAGE = YES_ERROR;
				CLANG_WARN_DOCUMENTATION_COMMENTS = YES;
				CLANG_WARN_EMPTY_BODY = YES;
				CLANG_WARN_ENUM_CONVERSION = YES;
				CLANG_WARN_INFINITE_RECURSION = YES;
				CLANG_WARN_INT_CONVERSION = YES;
				CLANG_WARN_NON_LITERAL_NULL_CONVERSION = YES;
				CLANG_WARN_OBJC_IMPLICIT_RETAIN_SELF = YES;
				CLANG_WARN_OBJC_LITERAL_CONVERSION = YES;
				CLANG_WARN_OBJC_ROOT_CLASS = YES_ERROR;
				CLANG_WARN_QUOTED_INCLUDE_IN_FRAMEWORK_HEADER = YES;
				CLANG_WARN_RANGE_LOOP_ANALYSIS = YES;
				CLANG_WARN_STRICT_PROTOTYPES = YES;
				CLANG_WARN_SUSPICIOUS_MOVE = YES;
				CLANG_WARN_UNGUARDED_AVAILABILITY = YES_AGGRESSIVE;
				CLANG_WARN_UNREACHABLE_CODE = YES;
				CLANG_WARN__DUPLICATE_METHOD_MATCH = YES;
				COPY_PHASE_STRIP = NO;
				DEBUG_INFORMATION_FORMAT = "dwarf-with-dsym";
				ENABLE_NS_ASSERTIONS = NO;
				ENABLE_STRICT_OBJC_MSGSEND = YES;
				ENABLE_USER_SCRIPT_SANDBOXING = YES;
				GCC_C_LANGUAGE_STANDARD = gnu17;
				GCC_NO_COMMON_BLOCKS = YES;
				GCC_WARN_64_TO_32_BIT_CONVERSION = YES;
				GCC_WARN_ABOUT_RETURN_TYPE = YES_ERROR;
				GCC_WARN_UNDECLARED_SELECTOR = YES;
				GCC_WARN_UNINITIALIZED_AUTOS = YES_AGGRESSIVE;
				GCC_WARN_UNUSED_FUNCTION = YES;
				GCC_WARN_UNUSED_VARIABLE = YES;
				LOCALIZATION_PREFERS_STRING_CATALOGS = YES;
				MTL_ENABLE_DEBUG_INFO = NO;
				MTL_FAST_MATH = YES;
				SWIFT_COMPILATION_MODE = wholemodule;
			};
			name = Release;
		};
		1BB5C7E02B5C7AD700CFE2A9 /* Debug */ = {
			isa = XCBuildConfiguration;
			buildSettings = {
				ASSETCATALOG_COMPILER_APPICON_NAME = AppIcon;
				ASSETCATALOG_COMPILER_GLOBAL_ACCENT_COLOR_NAME = AccentColor;
				CODE_SIGN_ENTITLEMENTS = CurrencyProject/CurrencyProject.entitlements;
				CODE_SIGN_STYLE = Automatic;
				CURRENT_PROJECT_VERSION = 1;
				DEVELOPMENT_ASSET_PATHS = "\"CurrencyProject/Preview Content\"";
				ENABLE_PREVIEWS = YES;
				GENERATE_INFOPLIST_FILE = YES;
				"INFOPLIST_KEY_UIApplicationSceneManifest_Generation[sdk=iphoneos*]" = YES;
				"INFOPLIST_KEY_UIApplicationSceneManifest_Generation[sdk=iphonesimulator*]" = YES;
				"INFOPLIST_KEY_UIApplicationSupportsIndirectInputEvents[sdk=iphoneos*]" = YES;
				"INFOPLIST_KEY_UIApplicationSupportsIndirectInputEvents[sdk=iphonesimulator*]" = YES;
				"INFOPLIST_KEY_UILaunchScreen_Generation[sdk=iphoneos*]" = YES;
				"INFOPLIST_KEY_UILaunchScreen_Generation[sdk=iphonesimulator*]" = YES;
				"INFOPLIST_KEY_UIStatusBarStyle[sdk=iphoneos*]" = UIStatusBarStyleDefault;
				"INFOPLIST_KEY_UIStatusBarStyle[sdk=iphonesimulator*]" = UIStatusBarStyleDefault;
				INFOPLIST_KEY_UISupportedInterfaceOrientations_iPad = "UIInterfaceOrientationPortrait UIInterfaceOrientationPortraitUpsideDown UIInterfaceOrientationLandscapeLeft UIInterfaceOrientationLandscapeRight";
				INFOPLIST_KEY_UISupportedInterfaceOrientations_iPhone = "UIInterfaceOrientationPortrait UIInterfaceOrientationLandscapeLeft UIInterfaceOrientationLandscapeRight";
				IPHONEOS_DEPLOYMENT_TARGET = 17.2;
				LD_RUNPATH_SEARCH_PATHS = "@executable_path/Frameworks";
				"LD_RUNPATH_SEARCH_PATHS[sdk=macosx*]" = "@executable_path/../Frameworks";
				MACOSX_DEPLOYMENT_TARGET = 13.6;
				MARKETING_VERSION = 1.0;
				PRODUCT_BUNDLE_IDENTIFIER = com.incrementapp.CurrencyProject;
				PRODUCT_NAME = "$(TARGET_NAME)";
				SDKROOT = auto;
				SUPPORTED_PLATFORMS = "iphoneos iphonesimulator macosx";
				SWIFT_EMIT_LOC_STRINGS = YES;
				SWIFT_VERSION = 5.0;
				TARGETED_DEVICE_FAMILY = "1,2";
			};
			name = Debug;
		};
		1BB5C7E12B5C7AD700CFE2A9 /* Release */ = {
			isa = XCBuildConfiguration;
			buildSettings = {
				ASSETCATALOG_COMPILER_APPICON_NAME = AppIcon;
				ASSETCATALOG_COMPILER_GLOBAL_ACCENT_COLOR_NAME = AccentColor;
				CODE_SIGN_ENTITLEMENTS = CurrencyProject/CurrencyProject.entitlements;
				CODE_SIGN_STYLE = Automatic;
				CURRENT_PROJECT_VERSION = 1;
				DEVELOPMENT_ASSET_PATHS = "\"CurrencyProject/Preview Content\"";
				ENABLE_PREVIEWS = YES;
				GENERATE_INFOPLIST_FILE = YES;
				"INFOPLIST_KEY_UIApplicationSceneManifest_Generation[sdk=iphoneos*]" = YES;
				"INFOPLIST_KEY_UIApplicationSceneManifest_Generation[sdk=iphonesimulator*]" = YES;
				"INFOPLIST_KEY_UIApplicationSupportsIndirectInputEvents[sdk=iphoneos*]" = YES;
				"INFOPLIST_KEY_UIApplicationSupportsIndirectInputEvents[sdk=iphonesimulator*]" = YES;
				"INFOPLIST_KEY_UILaunchScreen_Generation[sdk=iphoneos*]" = YES;
				"INFOPLIST_KEY_UILaunchScreen_Generation[sdk=iphonesimulator*]" = YES;
				"INFOPLIST_KEY_UIStatusBarStyle[sdk=iphoneos*]" = UIStatusBarStyleDefault;
				"INFOPLIST_KEY_UIStatusBarStyle[sdk=iphonesimulator*]" = UIStatusBarStyleDefault;
				INFOPLIST_KEY_UISupportedInterfaceOrientations_iPad = "UIInterfaceOrientationPortrait UIInterfaceOrientationPortraitUpsideDown UIInterfaceOrientationLandscapeLeft UIInterfaceOrientationLandscapeRight";
				INFOPLIST_KEY_UISupportedInterfaceOrientations_iPhone = "UIInterfaceOrientationPortrait UIInterfaceOrientationLandscapeLeft UIInterfaceOrientationLandscapeRight";
				IPHONEOS_DEPLOYMENT_TARGET = 17.2;
				LD_RUNPATH_SEARCH_PATHS = "@executable_path/Frameworks";
				"LD_RUNPATH_SEARCH_PATHS[sdk=macosx*]" = "@executable_path/../Frameworks";
				MACOSX_DEPLOYMENT_TARGET = 13.6;
				MARKETING_VERSION = 1.0;
				PRODUCT_BUNDLE_IDENTIFIER = com.incrementapp.CurrencyProject;
				PRODUCT_NAME = "$(TARGET_NAME)";
				SDKROOT = auto;
				SUPPORTED_PLATFORMS = "iphoneos iphonesimulator macosx";
				SWIFT_EMIT_LOC_STRINGS = YES;
				SWIFT_VERSION = 5.0;
				TARGETED_DEVICE_FAMILY = "1,2";
			};
			name = Release;
		};
		1BB5C7E32B5C7AD700CFE2A9 /* Debug */ = {
			isa = XCBuildConfiguration;
			buildSettings = {
				ALWAYS_EMBED_SWIFT_STANDARD_LIBRARIES = YES;
				BUNDLE_LOADER = "$(TEST_HOST)";
				CODE_SIGN_STYLE = Automatic;
				CURRENT_PROJECT_VERSION = 1;
				GENERATE_INFOPLIST_FILE = YES;
				IPHONEOS_DEPLOYMENT_TARGET = 17.2;
				MACOSX_DEPLOYMENT_TARGET = 13.6;
				MARKETING_VERSION = 1.0;
				PRODUCT_BUNDLE_IDENTIFIER = com.incrementapp.CurrencyProjectTests;
				PRODUCT_NAME = "$(TARGET_NAME)";
				SDKROOT = auto;
				SUPPORTED_PLATFORMS = "iphoneos iphonesimulator macosx";
				SWIFT_EMIT_LOC_STRINGS = NO;
				SWIFT_VERSION = 5.0;
				TARGETED_DEVICE_FAMILY = "1,2";
				TEST_HOST = "$(BUILT_PRODUCTS_DIR)/CurrencyProject.app/$(BUNDLE_EXECUTABLE_FOLDER_PATH)/CurrencyProject";
			};
			name = Debug;
		};
		1BB5C7E42B5C7AD700CFE2A9 /* Release */ = {
			isa = XCBuildConfiguration;
			buildSettings = {
				ALWAYS_EMBED_SWIFT_STANDARD_LIBRARIES = YES;
				BUNDLE_LOADER = "$(TEST_HOST)";
				CODE_SIGN_STYLE = Automatic;
				CURRENT_PROJECT_VERSION = 1;
				GENERATE_INFOPLIST_FILE = YES;
				IPHONEOS_DEPLOYMENT_TARGET = 17.2;
				MACOSX_DEPLOYMENT_TARGET = 13.6;
				MARKETING_VERSION = 1.0;
				PRODUCT_BUNDLE_IDENTIFIER = com.incrementapp.CurrencyProjectTests;
				PRODUCT_NAME = "$(TARGET_NAME)";
				SDKROOT = auto;
				SUPPORTED_PLATFORMS = "iphoneos iphonesimulator macosx";
				SWIFT_EMIT_LOC_STRINGS = NO;
				SWIFT_VERSION = 5.0;
				TARGETED_DEVICE_FAMILY = "1,2";
				TEST_HOST = "$(BUILT_PRODUCTS_DIR)/CurrencyProject.app/$(BUNDLE_EXECUTABLE_FOLDER_PATH)/CurrencyProject";
			};
			name = Release;
		};
		1BB5C7E62B5C7AD700CFE2A9 /* Debug */ = {
			isa = XCBuildConfiguration;
			buildSettings = {
				ALWAYS_EMBED_SWIFT_STANDARD_LIBRARIES = YES;
				CODE_SIGN_STYLE = Automatic;
				CURRENT_PROJECT_VERSION = 1;
				GENERATE_INFOPLIST_FILE = YES;
				IPHONEOS_DEPLOYMENT_TARGET = 17.2;
				MACOSX_DEPLOYMENT_TARGET = 13.6;
				MARKETING_VERSION = 1.0;
				PRODUCT_BUNDLE_IDENTIFIER = com.incrementapp.CurrencyProjectUITests;
				PRODUCT_NAME = "$(TARGET_NAME)";
				SDKROOT = auto;
				SUPPORTED_PLATFORMS = "iphoneos iphonesimulator macosx";
				SWIFT_EMIT_LOC_STRINGS = NO;
				SWIFT_VERSION = 5.0;
				TARGETED_DEVICE_FAMILY = "1,2";
				TEST_TARGET_NAME = CurrencyProject;
			};
			name = Debug;
		};
		1BB5C7E72B5C7AD700CFE2A9 /* Release */ = {
			isa = XCBuildConfiguration;
			buildSettings = {
				ALWAYS_EMBED_SWIFT_STANDARD_LIBRARIES = YES;
				CODE_SIGN_STYLE = Automatic;
				CURRENT_PROJECT_VERSION = 1;
				GENERATE_INFOPLIST_FILE = YES;
				IPHONEOS_DEPLOYMENT_TARGET = 17.2;
				MACOSX_DEPLOYMENT_TARGET = 13.6;
				MARKETING_VERSION = 1.0;
				PRODUCT_BUNDLE_IDENTIFIER = com.incrementapp.CurrencyProjectUITests;
				PRODUCT_NAME = "$(TARGET_NAME)";
				SDKROOT = auto;
				SUPPORTED_PLATFORMS = "iphoneos iphonesimulator macosx";
				SWIFT_EMIT_LOC_STRINGS = NO;
				SWIFT_VERSION = 5.0;
				TARGETED_DEVICE_FAMILY = "1,2";
				TEST_TARGET_NAME = CurrencyProject;
			};
			name = Release;
		};
/* End XCBuildConfiguration section */

/* Begin XCConfigurationList section */
		1BB5C7B52B5C7AD000CFE2A9 /* Build configuration list for PBXProject "CurrencyProject" */ = {
			isa = XCConfigurationList;
			buildConfigurations = (
				1BB5C7DD2B5C7AD700CFE2A9 /* Debug */,
				1BB5C7DE2B5C7AD700CFE2A9 /* Release */,
			);
			defaultConfigurationIsVisible = 0;
			defaultConfigurationName = Release;
		};
		1BB5C7DF2B5C7AD700CFE2A9 /* Build configuration list for PBXNativeTarget "CurrencyProject" */ = {
			isa = XCConfigurationList;
			buildConfigurations = (
				1BB5C7E02B5C7AD700CFE2A9 /* Debug */,
				1BB5C7E12B5C7AD700CFE2A9 /* Release */,
			);
			defaultConfigurationIsVisible = 0;
			defaultConfigurationName = Release;
		};
		1BB5C7E22B5C7AD700CFE2A9 /* Build configuration list for PBXNativeTarget "CurrencyProjectTests" */ = {
			isa = XCConfigurationList;
			buildConfigurations = (
				1BB5C7E32B5C7AD700CFE2A9 /* Debug */,
				1BB5C7E42B5C7AD700CFE2A9 /* Release */,
			);
			defaultConfigurationIsVisible = 0;
			defaultConfigurationName = Release;
		};
		1BB5C7E52B5C7AD700CFE2A9 /* Build configuration list for PBXNativeTarget "CurrencyProjectUITests" */ = {
			isa = XCConfigurationList;
			buildConfigurations = (
				1BB5C7E62B5C7AD700CFE2A9 /* Debug */,
				1BB5C7E72B5C7AD700CFE2A9 /* Release */,
			);
			defaultConfigurationIsVisible = 0;
			defaultConfigurationName = Release;
		};
/* End XCConfigurationList section */
	};
	rootObject = 1BB5C7B22B5C7AD000CFE2A9 /* Project object */;
}
